// !$*UTF8*$!
{
	archiveVersion = 1;
	classes = {
	};
	objectVersion = 52;
	objects = {

/* Begin PBXBuildFile section */
		150439A128892EDF000B5C35 /* ShareSheet.swift in Sources */ = {isa = PBXBuildFile; fileRef = 150439A028892EDF000B5C35 /* ShareSheet.swift */; };
		1506CFC928716DE500FDE913 /* JWTService.swift in Sources */ = {isa = PBXBuildFile; fileRef = 1506CFC828716DE500FDE913 /* JWTService.swift */; };
		1506CFCB28716E3E00FDE913 /* Keychain Item.swift in Sources */ = {isa = PBXBuildFile; fileRef = 1506CFCA28716E3E00FDE913 /* Keychain Item.swift */; };
		1506CFD128716FD900FDE913 /* SwiftJWT in Frameworks */ = {isa = PBXBuildFile; productRef = 1506CFD028716FD900FDE913 /* SwiftJWT */; };
		1506CFD32871709F00FDE913 /* AuthService.swift in Sources */ = {isa = PBXBuildFile; fileRef = 1506CFD22871709F00FDE913 /* AuthService.swift */; };
		1506CFD52871711D00FDE913 /* AuthenticationView.swift in Sources */ = {isa = PBXBuildFile; fileRef = 1506CFD42871711D00FDE913 /* AuthenticationView.swift */; };
		1506CFD72871738F00FDE913 /* CloseableView.swift in Sources */ = {isa = PBXBuildFile; fileRef = 1506CFD62871738F00FDE913 /* CloseableView.swift */; };
		1506CFDB28717F8900FDE913 /* spendin-ecdsa-p521-public.pem in Resources */ = {isa = PBXBuildFile; fileRef = 1506CFD928717F8900FDE913 /* spendin-ecdsa-p521-public.pem */; };
		1506CFDC28717F8900FDE913 /* spendin-ecdsa-p521-private.pem in Resources */ = {isa = PBXBuildFile; fileRef = 1506CFDA28717F8900FDE913 /* spendin-ecdsa-p521-private.pem */; };
		151F966224C49D93002C27F4 /* DetailedListView.swift in Sources */ = {isa = PBXBuildFile; fileRef = 151F965C24C49D92002C27F4 /* DetailedListView.swift */; };
		151F966324C49D93002C27F4 /* SettingsView.swift in Sources */ = {isa = PBXBuildFile; fileRef = 151F965D24C49D92002C27F4 /* SettingsView.swift */; };
		151F966424C49D93002C27F4 /* SpendingVM.swift in Sources */ = {isa = PBXBuildFile; fileRef = 151F965E24C49D92002C27F4 /* SpendingVM.swift */; };
		151F966724C49D93002C27F4 /* AddSpenderView.swift in Sources */ = {isa = PBXBuildFile; fileRef = 151F966124C49D93002C27F4 /* AddSpenderView.swift */; };
		151F966924C49DA8002C27F4 /* Constants.swift in Sources */ = {isa = PBXBuildFile; fileRef = 151F966824C49DA8002C27F4 /* Constants.swift */; };
		15273BD1287B2F1800E7186E /* AdaptiveSheet.swift in Sources */ = {isa = PBXBuildFile; fileRef = 15273BD0287B2F1800E7186E /* AdaptiveSheet.swift */; };
		15341DF6286F39FC00C0F737 /* ListService.swift in Sources */ = {isa = PBXBuildFile; fileRef = 15341DF5286F39FC00C0F737 /* ListService.swift */; };
		15341DF8286F3AB600C0F737 /* URLS.swift in Sources */ = {isa = PBXBuildFile; fileRef = 15341DF7286F3AB600C0F737 /* URLS.swift */; };
		15341DFA286F484300C0F737 /* ItemService.swift in Sources */ = {isa = PBXBuildFile; fileRef = 15341DF9286F484300C0F737 /* ItemService.swift */; };
		1545DDF3273536BC00194A0B /* SpendingsForDateView.swift in Sources */ = {isa = PBXBuildFile; fileRef = 1545DDF1273536BB00194A0B /* SpendingsForDateView.swift */; };
		1545DDF4273536BC00194A0B /* CalendarView.swift in Sources */ = {isa = PBXBuildFile; fileRef = 1545DDF2273536BB00194A0B /* CalendarView.swift */; };
		154D4005273D82A200743B96 /* List.swift in Sources */ = {isa = PBXBuildFile; fileRef = 154D4004273D82A200743B96 /* List.swift */; };
		154DEA5D27417C5C00F7CF7E /* PageView.swift in Sources */ = {isa = PBXBuildFile; fileRef = 154DEA5C27417C5B00F7CF7E /* PageView.swift */; };
		155013D6273448A500FF14AD /* Item.swift in Sources */ = {isa = PBXBuildFile; fileRef = 155013D5273448A500FF14AD /* Item.swift */; };
		1553D6EB2736D54800191DCC /* Sidebar.swift in Sources */ = {isa = PBXBuildFile; fileRef = 1553D6EA2736D54700191DCC /* Sidebar.swift */; };
		1553D6ED2736D57C00191DCC /* TabBar.swift in Sources */ = {isa = PBXBuildFile; fileRef = 1553D6EC2736D57C00191DCC /* TabBar.swift */; };
		1553D6EF2736D60200191DCC /* CustomizedCalendarView.swift in Sources */ = {isa = PBXBuildFile; fileRef = 1553D6EE2736D60200191DCC /* CustomizedCalendarView.swift */; };
		1553D6F82736E85300191DCC /* Suggestion.swift in Sources */ = {isa = PBXBuildFile; fileRef = 1553D6F72736E85300191DCC /* Suggestion.swift */; };
		1555D8E225303CD40091D21C /* Extensions.swift in Sources */ = {isa = PBXBuildFile; fileRef = 1555D8E125303CD40091D21C /* Extensions.swift */; };
		1555D8E725303CFD0091D21C /* ItemsView.swift in Sources */ = {isa = PBXBuildFile; fileRef = 1555D8E625303CFD0091D21C /* ItemsView.swift */; };
		1555D9042530426B0091D21C /* DetailedListItemCell.swift in Sources */ = {isa = PBXBuildFile; fileRef = 1555D9032530426B0091D21C /* DetailedListItemCell.swift */; };
		155963B62879C8AF00F5730B /* QRCodeReader.swift in Sources */ = {isa = PBXBuildFile; fileRef = 155963B52879C8AF00F5730B /* QRCodeReader.swift */; };
		155963B82879C8CE00F5730B /* ImagePickerView.swift in Sources */ = {isa = PBXBuildFile; fileRef = 155963B72879C8CE00F5730B /* ImagePickerView.swift */; };
		155E65842530466600082584 /* TotalBottomView.swift in Sources */ = {isa = PBXBuildFile; fileRef = 155E65832530466600082584 /* TotalBottomView.swift */; };
		155E658925304DBE00082584 /* SaveButton.swift in Sources */ = {isa = PBXBuildFile; fileRef = 155E658825304DBE00082584 /* SaveButton.swift */; };
		155E658E25304DDA00082584 /* ItemDatePicker.swift in Sources */ = {isa = PBXBuildFile; fileRef = 155E658D25304DDA00082584 /* ItemDatePicker.swift */; };
		155E659325304DF200082584 /* CategoryPicker.swift in Sources */ = {isa = PBXBuildFile; fileRef = 155E659225304DF200082584 /* CategoryPicker.swift */; };
		155E659825304E0500082584 /* AmountTextField.swift in Sources */ = {isa = PBXBuildFile; fileRef = 155E659725304E0500082584 /* AmountTextField.swift */; };
		155E659D25304E2D00082584 /* ItemTypePicker.swift in Sources */ = {isa = PBXBuildFile; fileRef = 155E659C25304E2D00082584 /* ItemTypePicker.swift */; };
		155E65A225304E4200082584 /* NameTextField.swift in Sources */ = {isa = PBXBuildFile; fileRef = 155E65A125304E4200082584 /* NameTextField.swift */; };
		155E65A725304E5500082584 /* XMarkView.swift in Sources */ = {isa = PBXBuildFile; fileRef = 155E65A625304E5500082584 /* XMarkView.swift */; };
		155E65B125307E2A00082584 /* SpendinApp.swift in Sources */ = {isa = PBXBuildFile; fileRef = 155E65B025307E2A00082584 /* SpendinApp.swift */; };
		156938EE24C49C4300521D57 /* ContentView.swift in Sources */ = {isa = PBXBuildFile; fileRef = 156938ED24C49C4300521D57 /* ContentView.swift */; };
		156938F024C49C4300521D57 /* Assets.xcassets in Resources */ = {isa = PBXBuildFile; fileRef = 156938EF24C49C4300521D57 /* Assets.xcassets */; };
		156938F324C49C4300521D57 /* Preview Assets.xcassets in Resources */ = {isa = PBXBuildFile; fileRef = 156938F224C49C4300521D57 /* Preview Assets.xcassets */; };
		156938F624C49C4300521D57 /* LaunchScreen.storyboard in Resources */ = {isa = PBXBuildFile; fileRef = 156938F424C49C4300521D57 /* LaunchScreen.storyboard */; };
		1569390124C49C4400521D57 /* SpendyTests.swift in Sources */ = {isa = PBXBuildFile; fileRef = 1569390024C49C4400521D57 /* SpendyTests.swift */; };
		1569390C24C49C4400521D57 /* SpendyUITests.swift in Sources */ = {isa = PBXBuildFile; fileRef = 1569390B24C49C4400521D57 /* SpendyUITests.swift */; };
		157E1AD4287859D5007C049C /* User.swift in Sources */ = {isa = PBXBuildFile; fileRef = 157E1AD3287859D5007C049C /* User.swift */; };
		157E7EC6287061300088282F /* SuggestionService.swift in Sources */ = {isa = PBXBuildFile; fileRef = 157E7EC5287061300088282F /* SuggestionService.swift */; };
		1595CDB027B0835D00C1C30A /* CardView.swift in Sources */ = {isa = PBXBuildFile; fileRef = 1595CDAF27B0835D00C1C30A /* CardView.swift */; };
		1595CDB227B0838400C1C30A /* NewListPlaceholder.swift in Sources */ = {isa = PBXBuildFile; fileRef = 1595CDB127B0838400C1C30A /* NewListPlaceholder.swift */; };
		159DB40A274434EF004921AD /* CreateNewListView.swift in Sources */ = {isa = PBXBuildFile; fileRef = 159DB409274434EF004921AD /* CreateNewListView.swift */; };
		15A9CFA528805D7300B62210 /* EditSharingView.swift in Sources */ = {isa = PBXBuildFile; fileRef = 15A9CFA428805D7300B62210 /* EditSharingView.swift */; };
		15A9CFA728805FF100B62210 /* UserPrivilegesEditorView.swift in Sources */ = {isa = PBXBuildFile; fileRef = 15A9CFA628805FF100B62210 /* UserPrivilegesEditorView.swift */; };
		15C64D2128D1B2750085B79C /* WidgetKit.framework in Frameworks */ = {isa = PBXBuildFile; fileRef = 15C64D2028D1B2750085B79C /* WidgetKit.framework */; };
		15C64D2328D1B2750085B79C /* SwiftUI.framework in Frameworks */ = {isa = PBXBuildFile; fileRef = 15C64D2228D1B2750085B79C /* SwiftUI.framework */; };
		15C64D2628D1B2750085B79C /* Spendin_Widget.swift in Sources */ = {isa = PBXBuildFile; fileRef = 15C64D2528D1B2750085B79C /* Spendin_Widget.swift */; };
		15C64D2928D1B2760085B79C /* Assets.xcassets in Resources */ = {isa = PBXBuildFile; fileRef = 15C64D2828D1B2760085B79C /* Assets.xcassets */; };
		15C64D2B28D1B2760085B79C /* Spendin_Widget.intentdefinition in Sources */ = {isa = PBXBuildFile; fileRef = 15C64D2728D1B2750085B79C /* Spendin_Widget.intentdefinition */; };
		15C64D2C28D1B2760085B79C /* Spendin_Widget.intentdefinition in Sources */ = {isa = PBXBuildFile; fileRef = 15C64D2728D1B2750085B79C /* Spendin_Widget.intentdefinition */; };
		15C64D2F28D1B2760085B79C /* Spendin WidgetExtension.appex in Embed Foundation Extensions */ = {isa = PBXBuildFile; fileRef = 15C64D1F28D1B2750085B79C /* Spendin WidgetExtension.appex */; settings = {ATTRIBUTES = (RemoveHeadersOnCopy, ); }; };
		15C64D3528D1B40F0085B79C /* AccessoryRectangularWidgetView.swift in Sources */ = {isa = PBXBuildFile; fileRef = 15C64D3428D1B40F0085B79C /* AccessoryRectangularWidgetView.swift */; };
		15C64D3728D1B6490085B79C /* ListLoader.swift in Sources */ = {isa = PBXBuildFile; fileRef = 15C64D3628D1B6490085B79C /* ListLoader.swift */; };
		15D66BC5287DA785008FEBC6 /* QRGeneratorView.swift in Sources */ = {isa = PBXBuildFile; fileRef = 15D66BC4287DA785008FEBC6 /* QRGeneratorView.swift */; };
		15D66BC7287DACBC008FEBC6 /* ShareListView.swift in Sources */ = {isa = PBXBuildFile; fileRef = 15D66BC6287DACBC008FEBC6 /* ShareListView.swift */; };
		15F8760524D1BA3B00CDF163 /* CloudKit.framework in Frameworks */ = {isa = PBXBuildFile; fileRef = 15F8760424D1BA3B00CDF163 /* CloudKit.framework */; };
		15FE8B7F288BCAE5006FF2D9 /* SwiftSoup in Frameworks */ = {isa = PBXBuildFile; productRef = 15FE8B7E288BCAE5006FF2D9 /* SwiftSoup */; };
/* End PBXBuildFile section */

/* Begin PBXContainerItemProxy section */
		156938FD24C49C4400521D57 /* PBXContainerItemProxy */ = {
			isa = PBXContainerItemProxy;
			containerPortal = 156938DB24C49C4300521D57 /* Project object */;
			proxyType = 1;
			remoteGlobalIDString = 156938E224C49C4300521D57;
			remoteInfo = Spendy;
		};
		1569390824C49C4400521D57 /* PBXContainerItemProxy */ = {
			isa = PBXContainerItemProxy;
			containerPortal = 156938DB24C49C4300521D57 /* Project object */;
			proxyType = 1;
			remoteGlobalIDString = 156938E224C49C4300521D57;
			remoteInfo = Spendy;
		};
		15C64D2D28D1B2760085B79C /* PBXContainerItemProxy */ = {
			isa = PBXContainerItemProxy;
			containerPortal = 156938DB24C49C4300521D57 /* Project object */;
			proxyType = 1;
			remoteGlobalIDString = 15C64D1E28D1B2750085B79C;
			remoteInfo = "Spendin WidgetExtension";
		};
/* End PBXContainerItemProxy section */

/* Begin PBXCopyFilesBuildPhase section */
		15C64D3028D1B2760085B79C /* Embed Foundation Extensions */ = {
			isa = PBXCopyFilesBuildPhase;
			buildActionMask = 2147483647;
			dstPath = "";
			dstSubfolderSpec = 13;
			files = (
				15C64D2F28D1B2760085B79C /* Spendin WidgetExtension.appex in Embed Foundation Extensions */,
			);
			name = "Embed Foundation Extensions";
			runOnlyForDeploymentPostprocessing = 0;
		};
/* End PBXCopyFilesBuildPhase section */

/* Begin PBXFileReference section */
		150439A028892EDF000B5C35 /* ShareSheet.swift */ = {isa = PBXFileReference; lastKnownFileType = sourcecode.swift; path = ShareSheet.swift; sourceTree = "<group>"; };
		1506CFC828716DE500FDE913 /* JWTService.swift */ = {isa = PBXFileReference; lastKnownFileType = sourcecode.swift; path = JWTService.swift; sourceTree = "<group>"; };
		1506CFCA28716E3E00FDE913 /* Keychain Item.swift */ = {isa = PBXFileReference; lastKnownFileType = sourcecode.swift; path = "Keychain Item.swift"; sourceTree = "<group>"; };
		1506CFD22871709F00FDE913 /* AuthService.swift */ = {isa = PBXFileReference; lastKnownFileType = sourcecode.swift; path = AuthService.swift; sourceTree = "<group>"; };
		1506CFD42871711D00FDE913 /* AuthenticationView.swift */ = {isa = PBXFileReference; lastKnownFileType = sourcecode.swift; path = AuthenticationView.swift; sourceTree = "<group>"; };
		1506CFD62871738F00FDE913 /* CloseableView.swift */ = {isa = PBXFileReference; lastKnownFileType = sourcecode.swift; path = CloseableView.swift; sourceTree = "<group>"; };
		1506CFD928717F8900FDE913 /* spendin-ecdsa-p521-public.pem */ = {isa = PBXFileReference; fileEncoding = 4; lastKnownFileType = text; path = "spendin-ecdsa-p521-public.pem"; sourceTree = "<group>"; };
		1506CFDA28717F8900FDE913 /* spendin-ecdsa-p521-private.pem */ = {isa = PBXFileReference; fileEncoding = 4; lastKnownFileType = text; path = "spendin-ecdsa-p521-private.pem"; sourceTree = "<group>"; };
		151F965C24C49D92002C27F4 /* DetailedListView.swift */ = {isa = PBXFileReference; fileEncoding = 4; lastKnownFileType = sourcecode.swift; path = DetailedListView.swift; sourceTree = "<group>"; };
		151F965D24C49D92002C27F4 /* SettingsView.swift */ = {isa = PBXFileReference; fileEncoding = 4; lastKnownFileType = sourcecode.swift; path = SettingsView.swift; sourceTree = "<group>"; };
		151F965E24C49D92002C27F4 /* SpendingVM.swift */ = {isa = PBXFileReference; fileEncoding = 4; lastKnownFileType = sourcecode.swift; path = SpendingVM.swift; sourceTree = "<group>"; };
		151F966124C49D93002C27F4 /* AddSpenderView.swift */ = {isa = PBXFileReference; fileEncoding = 4; lastKnownFileType = sourcecode.swift; path = AddSpenderView.swift; sourceTree = "<group>"; };
		151F966824C49DA8002C27F4 /* Constants.swift */ = {isa = PBXFileReference; fileEncoding = 4; lastKnownFileType = sourcecode.swift; path = Constants.swift; sourceTree = "<group>"; };
		15273BD0287B2F1800E7186E /* AdaptiveSheet.swift */ = {isa = PBXFileReference; lastKnownFileType = sourcecode.swift; path = AdaptiveSheet.swift; sourceTree = "<group>"; };
		15341DF5286F39FC00C0F737 /* ListService.swift */ = {isa = PBXFileReference; lastKnownFileType = sourcecode.swift; path = ListService.swift; sourceTree = "<group>"; };
		15341DF7286F3AB600C0F737 /* URLS.swift */ = {isa = PBXFileReference; lastKnownFileType = sourcecode.swift; path = URLS.swift; sourceTree = "<group>"; };
		15341DF9286F484300C0F737 /* ItemService.swift */ = {isa = PBXFileReference; lastKnownFileType = sourcecode.swift; path = ItemService.swift; sourceTree = "<group>"; };
		1545DDF1273536BB00194A0B /* SpendingsForDateView.swift */ = {isa = PBXFileReference; lastKnownFileType = sourcecode.swift; path = SpendingsForDateView.swift; sourceTree = "<group>"; };
		1545DDF2273536BB00194A0B /* CalendarView.swift */ = {isa = PBXFileReference; lastKnownFileType = sourcecode.swift; path = CalendarView.swift; sourceTree = "<group>"; };
		154D4004273D82A200743B96 /* List.swift */ = {isa = PBXFileReference; lastKnownFileType = sourcecode.swift; path = List.swift; sourceTree = "<group>"; };
		154DEA5C27417C5B00F7CF7E /* PageView.swift */ = {isa = PBXFileReference; lastKnownFileType = sourcecode.swift; path = PageView.swift; sourceTree = "<group>"; };
		155013D5273448A500FF14AD /* Item.swift */ = {isa = PBXFileReference; lastKnownFileType = sourcecode.swift; path = Item.swift; sourceTree = "<group>"; };
		1553D6EA2736D54700191DCC /* Sidebar.swift */ = {isa = PBXFileReference; lastKnownFileType = sourcecode.swift; path = Sidebar.swift; sourceTree = "<group>"; };
		1553D6EC2736D57C00191DCC /* TabBar.swift */ = {isa = PBXFileReference; lastKnownFileType = sourcecode.swift; path = TabBar.swift; sourceTree = "<group>"; };
		1553D6EE2736D60200191DCC /* CustomizedCalendarView.swift */ = {isa = PBXFileReference; lastKnownFileType = sourcecode.swift; path = CustomizedCalendarView.swift; sourceTree = "<group>"; };
		1553D6F72736E85300191DCC /* Suggestion.swift */ = {isa = PBXFileReference; lastKnownFileType = sourcecode.swift; path = Suggestion.swift; sourceTree = "<group>"; };
		1555D8E125303CD40091D21C /* Extensions.swift */ = {isa = PBXFileReference; lastKnownFileType = sourcecode.swift; path = Extensions.swift; sourceTree = "<group>"; };
		1555D8E625303CFD0091D21C /* ItemsView.swift */ = {isa = PBXFileReference; lastKnownFileType = sourcecode.swift; path = ItemsView.swift; sourceTree = "<group>"; };
		1555D9032530426B0091D21C /* DetailedListItemCell.swift */ = {isa = PBXFileReference; lastKnownFileType = sourcecode.swift; path = DetailedListItemCell.swift; sourceTree = "<group>"; };
		155963B52879C8AF00F5730B /* QRCodeReader.swift */ = {isa = PBXFileReference; lastKnownFileType = sourcecode.swift; path = QRCodeReader.swift; sourceTree = "<group>"; };
		155963B72879C8CE00F5730B /* ImagePickerView.swift */ = {isa = PBXFileReference; lastKnownFileType = sourcecode.swift; path = ImagePickerView.swift; sourceTree = "<group>"; };
		155E65832530466600082584 /* TotalBottomView.swift */ = {isa = PBXFileReference; lastKnownFileType = sourcecode.swift; path = TotalBottomView.swift; sourceTree = "<group>"; };
		155E658825304DBE00082584 /* SaveButton.swift */ = {isa = PBXFileReference; lastKnownFileType = sourcecode.swift; path = SaveButton.swift; sourceTree = "<group>"; };
		155E658D25304DDA00082584 /* ItemDatePicker.swift */ = {isa = PBXFileReference; lastKnownFileType = sourcecode.swift; path = ItemDatePicker.swift; sourceTree = "<group>"; };
		155E659225304DF200082584 /* CategoryPicker.swift */ = {isa = PBXFileReference; lastKnownFileType = sourcecode.swift; path = CategoryPicker.swift; sourceTree = "<group>"; };
		155E659725304E0500082584 /* AmountTextField.swift */ = {isa = PBXFileReference; lastKnownFileType = sourcecode.swift; path = AmountTextField.swift; sourceTree = "<group>"; };
		155E659C25304E2D00082584 /* ItemTypePicker.swift */ = {isa = PBXFileReference; lastKnownFileType = sourcecode.swift; path = ItemTypePicker.swift; sourceTree = "<group>"; };
		155E65A125304E4200082584 /* NameTextField.swift */ = {isa = PBXFileReference; lastKnownFileType = sourcecode.swift; path = NameTextField.swift; sourceTree = "<group>"; };
		155E65A625304E5500082584 /* XMarkView.swift */ = {isa = PBXFileReference; lastKnownFileType = sourcecode.swift; path = XMarkView.swift; sourceTree = "<group>"; };
		155E65B025307E2A00082584 /* SpendinApp.swift */ = {isa = PBXFileReference; lastKnownFileType = sourcecode.swift; path = SpendinApp.swift; sourceTree = "<group>"; };
		156938E324C49C4300521D57 /* Spendin.app */ = {isa = PBXFileReference; explicitFileType = wrapper.application; includeInIndex = 0; path = Spendin.app; sourceTree = BUILT_PRODUCTS_DIR; };
		156938ED24C49C4300521D57 /* ContentView.swift */ = {isa = PBXFileReference; lastKnownFileType = sourcecode.swift; path = ContentView.swift; sourceTree = "<group>"; };
		156938EF24C49C4300521D57 /* Assets.xcassets */ = {isa = PBXFileReference; lastKnownFileType = folder.assetcatalog; path = Assets.xcassets; sourceTree = "<group>"; };
		156938F224C49C4300521D57 /* Preview Assets.xcassets */ = {isa = PBXFileReference; lastKnownFileType = folder.assetcatalog; path = "Preview Assets.xcassets"; sourceTree = "<group>"; };
		156938F524C49C4300521D57 /* Base */ = {isa = PBXFileReference; lastKnownFileType = file.storyboard; name = Base; path = Base.lproj/LaunchScreen.storyboard; sourceTree = "<group>"; };
		156938F724C49C4300521D57 /* Info.plist */ = {isa = PBXFileReference; lastKnownFileType = text.plist.xml; path = Info.plist; sourceTree = "<group>"; };
		156938FC24C49C4400521D57 /* SpendinTests.xctest */ = {isa = PBXFileReference; explicitFileType = wrapper.cfbundle; includeInIndex = 0; path = SpendinTests.xctest; sourceTree = BUILT_PRODUCTS_DIR; };
		1569390024C49C4400521D57 /* SpendyTests.swift */ = {isa = PBXFileReference; lastKnownFileType = sourcecode.swift; path = SpendyTests.swift; sourceTree = "<group>"; };
		1569390224C49C4400521D57 /* Info.plist */ = {isa = PBXFileReference; lastKnownFileType = text.plist.xml; path = Info.plist; sourceTree = "<group>"; };
		1569390724C49C4400521D57 /* SpendinUITests.xctest */ = {isa = PBXFileReference; explicitFileType = wrapper.cfbundle; includeInIndex = 0; path = SpendinUITests.xctest; sourceTree = BUILT_PRODUCTS_DIR; };
		1569390B24C49C4400521D57 /* SpendyUITests.swift */ = {isa = PBXFileReference; lastKnownFileType = sourcecode.swift; path = SpendyUITests.swift; sourceTree = "<group>"; };
		1569390D24C49C4400521D57 /* Info.plist */ = {isa = PBXFileReference; lastKnownFileType = text.plist.xml; path = Info.plist; sourceTree = "<group>"; };
		157E1AD3287859D5007C049C /* User.swift */ = {isa = PBXFileReference; lastKnownFileType = sourcecode.swift; path = User.swift; sourceTree = "<group>"; };
		157E7EC5287061300088282F /* SuggestionService.swift */ = {isa = PBXFileReference; lastKnownFileType = sourcecode.swift; path = SuggestionService.swift; sourceTree = "<group>"; };
		1595CDAF27B0835D00C1C30A /* CardView.swift */ = {isa = PBXFileReference; lastKnownFileType = sourcecode.swift; path = CardView.swift; sourceTree = "<group>"; };
		1595CDB127B0838400C1C30A /* NewListPlaceholder.swift */ = {isa = PBXFileReference; lastKnownFileType = sourcecode.swift; path = NewListPlaceholder.swift; sourceTree = "<group>"; };
		159DB409274434EF004921AD /* CreateNewListView.swift */ = {isa = PBXFileReference; lastKnownFileType = sourcecode.swift; path = CreateNewListView.swift; sourceTree = "<group>"; };
		15A9CFA428805D7300B62210 /* EditSharingView.swift */ = {isa = PBXFileReference; lastKnownFileType = sourcecode.swift; path = EditSharingView.swift; sourceTree = "<group>"; };
		15A9CFA628805FF100B62210 /* UserPrivilegesEditorView.swift */ = {isa = PBXFileReference; lastKnownFileType = sourcecode.swift; path = UserPrivilegesEditorView.swift; sourceTree = "<group>"; };
		15C64D1F28D1B2750085B79C /* Spendin WidgetExtension.appex */ = {isa = PBXFileReference; explicitFileType = "wrapper.app-extension"; includeInIndex = 0; path = "Spendin WidgetExtension.appex"; sourceTree = BUILT_PRODUCTS_DIR; };
		15C64D2028D1B2750085B79C /* WidgetKit.framework */ = {isa = PBXFileReference; lastKnownFileType = wrapper.framework; name = WidgetKit.framework; path = System/Library/Frameworks/WidgetKit.framework; sourceTree = SDKROOT; };
		15C64D2228D1B2750085B79C /* SwiftUI.framework */ = {isa = PBXFileReference; lastKnownFileType = wrapper.framework; name = SwiftUI.framework; path = System/Library/Frameworks/SwiftUI.framework; sourceTree = SDKROOT; };
		15C64D2528D1B2750085B79C /* Spendin_Widget.swift */ = {isa = PBXFileReference; lastKnownFileType = sourcecode.swift; path = Spendin_Widget.swift; sourceTree = "<group>"; };
		15C64D2728D1B2750085B79C /* Spendin_Widget.intentdefinition */ = {isa = PBXFileReference; lastKnownFileType = file.intentdefinition; path = Spendin_Widget.intentdefinition; sourceTree = "<group>"; };
		15C64D2828D1B2760085B79C /* Assets.xcassets */ = {isa = PBXFileReference; lastKnownFileType = folder.assetcatalog; path = Assets.xcassets; sourceTree = "<group>"; };
		15C64D2A28D1B2760085B79C /* Info.plist */ = {isa = PBXFileReference; lastKnownFileType = text.plist.xml; path = Info.plist; sourceTree = "<group>"; };
		15C64D3428D1B40F0085B79C /* AccessoryRectangularWidgetView.swift */ = {isa = PBXFileReference; lastKnownFileType = sourcecode.swift; path = AccessoryRectangularWidgetView.swift; sourceTree = "<group>"; };
		15C64D3628D1B6490085B79C /* ListLoader.swift */ = {isa = PBXFileReference; lastKnownFileType = sourcecode.swift; path = ListLoader.swift; sourceTree = "<group>"; };
		15D66BC4287DA785008FEBC6 /* QRGeneratorView.swift */ = {isa = PBXFileReference; lastKnownFileType = sourcecode.swift; path = QRGeneratorView.swift; sourceTree = "<group>"; };
		15D66BC6287DACBC008FEBC6 /* ShareListView.swift */ = {isa = PBXFileReference; lastKnownFileType = sourcecode.swift; path = ShareListView.swift; sourceTree = "<group>"; };
		15F8760224D1BA1B00CDF163 /* Spendin.entitlements */ = {isa = PBXFileReference; lastKnownFileType = text.plist.entitlements; path = Spendin.entitlements; sourceTree = "<group>"; };
		15F8760424D1BA3B00CDF163 /* CloudKit.framework */ = {isa = PBXFileReference; lastKnownFileType = wrapper.framework; name = CloudKit.framework; path = System/Library/Frameworks/CloudKit.framework; sourceTree = SDKROOT; };
/* End PBXFileReference section */

/* Begin PBXFrameworksBuildPhase section */
		156938E024C49C4300521D57 /* Frameworks */ = {
			isa = PBXFrameworksBuildPhase;
			buildActionMask = 2147483647;
			files = (
				1506CFD128716FD900FDE913 /* SwiftJWT in Frameworks */,
				15F8760524D1BA3B00CDF163 /* CloudKit.framework in Frameworks */,
				15FE8B7F288BCAE5006FF2D9 /* SwiftSoup in Frameworks */,
			);
			runOnlyForDeploymentPostprocessing = 0;
		};
		156938F924C49C4400521D57 /* Frameworks */ = {
			isa = PBXFrameworksBuildPhase;
			buildActionMask = 2147483647;
			files = (
			);
			runOnlyForDeploymentPostprocessing = 0;
		};
		1569390424C49C4400521D57 /* Frameworks */ = {
			isa = PBXFrameworksBuildPhase;
			buildActionMask = 2147483647;
			files = (
			);
			runOnlyForDeploymentPostprocessing = 0;
		};
		15C64D1C28D1B2750085B79C /* Frameworks */ = {
			isa = PBXFrameworksBuildPhase;
			buildActionMask = 2147483647;
			files = (
				15C64D2328D1B2750085B79C /* SwiftUI.framework in Frameworks */,
				15C64D2128D1B2750085B79C /* WidgetKit.framework in Frameworks */,
			);
			runOnlyForDeploymentPostprocessing = 0;
		};
/* End PBXFrameworksBuildPhase section */

/* Begin PBXGroup section */
		1506CFD82871762F00FDE913 /* Modules */ = {
			isa = PBXGroup;
			children = (
				1506CFD42871711D00FDE913 /* AuthenticationView.swift */,
				1506CFD62871738F00FDE913 /* CloseableView.swift */,
				155963B52879C8AF00F5730B /* QRCodeReader.swift */,
				155963B72879C8CE00F5730B /* ImagePickerView.swift */,
				15273BD0287B2F1800E7186E /* AdaptiveSheet.swift */,
				15D66BC4287DA785008FEBC6 /* QRGeneratorView.swift */,
				150439A028892EDF000B5C35 /* ShareSheet.swift */,
			);
			path = Modules;
			sourceTree = "<group>";
		};
		1506CFDD28717F9D00FDE913 /* Keys */ = {
			isa = PBXGroup;
			children = (
				1506CFDA28717F8900FDE913 /* spendin-ecdsa-p521-private.pem */,
				1506CFD928717F8900FDE913 /* spendin-ecdsa-p521-public.pem */,
			);
			path = Keys;
			sourceTree = "<group>";
		};
		153682D724C6278800772897 /* Utils */ = {
			isa = PBXGroup;
			children = (
				151F966824C49DA8002C27F4 /* Constants.swift */,
				1555D8E125303CD40091D21C /* Extensions.swift */,
				15341DF7286F3AB600C0F737 /* URLS.swift */,
			);
			path = Utils;
			sourceTree = "<group>";
		};
		153682D824C627A200772897 /* Views */ = {
			isa = PBXGroup;
			children = (
				156938F424C49C4300521D57 /* LaunchScreen.storyboard */,
				156938ED24C49C4300521D57 /* ContentView.swift */,
				1506CFD82871762F00FDE913 /* Modules */,
				1553D6F02736DA9300191DCC /* Navigation */,
				153682DA24C627D400772897 /* SpendingsTab */,
				1545DDF5273536C500194A0B /* CalendarView */,
				153682DD24C6285400772897 /* SettingsTab */,
			);
			path = Views;
			sourceTree = "<group>";
		};
		153682DA24C627D400772897 /* SpendingsTab */ = {
			isa = PBXGroup;
			children = (
				1555D8F82530413D0091D21C /* SpendingsView */,
				1555D8FC253041490091D21C /* AddSpenderView */,
			);
			path = SpendingsTab;
			sourceTree = "<group>";
		};
		153682DD24C6285400772897 /* SettingsTab */ = {
			isa = PBXGroup;
			children = (
				151F965D24C49D92002C27F4 /* SettingsView.swift */,
			);
			path = SettingsTab;
			sourceTree = "<group>";
		};
		153682E024C6289A00772897 /* Supporting Files */ = {
			isa = PBXGroup;
			children = (
				156938F724C49C4300521D57 /* Info.plist */,
				156938EF24C49C4300521D57 /* Assets.xcassets */,
			);
			path = "Supporting Files";
			sourceTree = "<group>";
		};
		153682E124C628C700772897 /* Models */ = {
			isa = PBXGroup;
			children = (
				155013D5273448A500FF14AD /* Item.swift */,
				1553D6F72736E85300191DCC /* Suggestion.swift */,
				154D4004273D82A200743B96 /* List.swift */,
				1506CFCA28716E3E00FDE913 /* Keychain Item.swift */,
				157E1AD3287859D5007C049C /* User.swift */,
			);
			path = Models;
			sourceTree = "<group>";
		};
		1545DDF5273536C500194A0B /* CalendarView */ = {
			isa = PBXGroup;
			children = (
				1553D6EE2736D60200191DCC /* CustomizedCalendarView.swift */,
				1545DDF2273536BB00194A0B /* CalendarView.swift */,
				1545DDF1273536BB00194A0B /* SpendingsForDateView.swift */,
			);
			path = CalendarView;
			sourceTree = "<group>";
		};
		155013D227343AD800FF14AD /* Services */ = {
			isa = PBXGroup;
			children = (
				15341DF5286F39FC00C0F737 /* ListService.swift */,
				15341DF9286F484300C0F737 /* ItemService.swift */,
				157E7EC5287061300088282F /* SuggestionService.swift */,
				1506CFC828716DE500FDE913 /* JWTService.swift */,
				1506CFD22871709F00FDE913 /* AuthService.swift */,
			);
			path = Services;
			sourceTree = "<group>";
		};
		1553D6F02736DA9300191DCC /* Navigation */ = {
			isa = PBXGroup;
			children = (
				1553D6EA2736D54700191DCC /* Sidebar.swift */,
				1553D6EC2736D57C00191DCC /* TabBar.swift */,
			);
			path = Navigation;
			sourceTree = "<group>";
		};
		1555D8F7253041270091D21C /* ViewModels */ = {
			isa = PBXGroup;
			children = (
				151F965E24C49D92002C27F4 /* SpendingVM.swift */,
			);
			path = ViewModels;
			sourceTree = "<group>";
		};
		1555D8F82530413D0091D21C /* SpendingsView */ = {
			isa = PBXGroup;
			children = (
				154DEA5C27417C5B00F7CF7E /* PageView.swift */,
				151F965C24C49D92002C27F4 /* DetailedListView.swift */,
				1595CDAF27B0835D00C1C30A /* CardView.swift */,
				1555D8E625303CFD0091D21C /* ItemsView.swift */,
				1555D9032530426B0091D21C /* DetailedListItemCell.swift */,
				155E65832530466600082584 /* TotalBottomView.swift */,
				159DB409274434EF004921AD /* CreateNewListView.swift */,
				1595CDB127B0838400C1C30A /* NewListPlaceholder.swift */,
				15D66BC6287DACBC008FEBC6 /* ShareListView.swift */,
				15A9CFA428805D7300B62210 /* EditSharingView.swift */,
				15A9CFA628805FF100B62210 /* UserPrivilegesEditorView.swift */,
			);
			path = SpendingsView;
			sourceTree = "<group>";
		};
		1555D8FC253041490091D21C /* AddSpenderView */ = {
			isa = PBXGroup;
			children = (
				151F966124C49D93002C27F4 /* AddSpenderView.swift */,
				155E658825304DBE00082584 /* SaveButton.swift */,
				155E658D25304DDA00082584 /* ItemDatePicker.swift */,
				155E659225304DF200082584 /* CategoryPicker.swift */,
				155E659725304E0500082584 /* AmountTextField.swift */,
				155E659C25304E2D00082584 /* ItemTypePicker.swift */,
				155E65A125304E4200082584 /* NameTextField.swift */,
				155E65A625304E5500082584 /* XMarkView.swift */,
			);
			path = AddSpenderView;
			sourceTree = "<group>";
		};
		156938DA24C49C4300521D57 = {
			isa = PBXGroup;
			children = (
				155E65B025307E2A00082584 /* SpendinApp.swift */,
				156938E524C49C4300521D57 /* Spendin */,
				156938FF24C49C4400521D57 /* SpendinTests */,
				1569390A24C49C4400521D57 /* SpendinUITests */,
				15C64D2428D1B2750085B79C /* Spendin Widget */,
				156938E424C49C4300521D57 /* Products */,
				15F8760324D1BA3B00CDF163 /* Frameworks */,
			);
			sourceTree = "<group>";
		};
		156938E424C49C4300521D57 /* Products */ = {
			isa = PBXGroup;
			children = (
				156938E324C49C4300521D57 /* Spendin.app */,
				156938FC24C49C4400521D57 /* SpendinTests.xctest */,
				1569390724C49C4400521D57 /* SpendinUITests.xctest */,
				15C64D1F28D1B2750085B79C /* Spendin WidgetExtension.appex */,
			);
			name = Products;
			sourceTree = "<group>";
		};
		156938E524C49C4300521D57 /* Spendin */ = {
			isa = PBXGroup;
			children = (
				15F8760224D1BA1B00CDF163 /* Spendin.entitlements */,
				1506CFDD28717F9D00FDE913 /* Keys */,
				155013D227343AD800FF14AD /* Services */,
				1555D8F7253041270091D21C /* ViewModels */,
				153682E124C628C700772897 /* Models */,
				153682D724C6278800772897 /* Utils */,
				153682D824C627A200772897 /* Views */,
				153682E024C6289A00772897 /* Supporting Files */,
				156938F124C49C4300521D57 /* Preview Content */,
			);
			path = Spendin;
			sourceTree = "<group>";
		};
		156938F124C49C4300521D57 /* Preview Content */ = {
			isa = PBXGroup;
			children = (
				156938F224C49C4300521D57 /* Preview Assets.xcassets */,
			);
			path = "Preview Content";
			sourceTree = "<group>";
		};
		156938FF24C49C4400521D57 /* SpendinTests */ = {
			isa = PBXGroup;
			children = (
				1569390024C49C4400521D57 /* SpendyTests.swift */,
				1569390224C49C4400521D57 /* Info.plist */,
			);
			path = SpendinTests;
			sourceTree = "<group>";
		};
		1569390A24C49C4400521D57 /* SpendinUITests */ = {
			isa = PBXGroup;
			children = (
				1569390B24C49C4400521D57 /* SpendyUITests.swift */,
				1569390D24C49C4400521D57 /* Info.plist */,
			);
			path = SpendinUITests;
			sourceTree = "<group>";
		};
		15C64D2428D1B2750085B79C /* Spendin Widget */ = {
			isa = PBXGroup;
			children = (
				15C64D2528D1B2750085B79C /* Spendin_Widget.swift */,
				15C64D2728D1B2750085B79C /* Spendin_Widget.intentdefinition */,
				15C64D2828D1B2760085B79C /* Assets.xcassets */,
				15C64D2A28D1B2760085B79C /* Info.plist */,
				15C64D3428D1B40F0085B79C /* AccessoryRectangularWidgetView.swift */,
				15C64D3628D1B6490085B79C /* ListLoader.swift */,
			);
			path = "Spendin Widget";
			sourceTree = "<group>";
		};
		15F8760324D1BA3B00CDF163 /* Frameworks */ = {
			isa = PBXGroup;
			children = (
				15F8760424D1BA3B00CDF163 /* CloudKit.framework */,
				15C64D2028D1B2750085B79C /* WidgetKit.framework */,
				15C64D2228D1B2750085B79C /* SwiftUI.framework */,
			);
			name = Frameworks;
			sourceTree = "<group>";
		};
/* End PBXGroup section */

/* Begin PBXNativeTarget section */
		156938E224C49C4300521D57 /* Spendin */ = {
			isa = PBXNativeTarget;
			buildConfigurationList = 1569391024C49C4400521D57 /* Build configuration list for PBXNativeTarget "Spendin" */;
			buildPhases = (
				156938DF24C49C4300521D57 /* Sources */,
				156938E024C49C4300521D57 /* Frameworks */,
				156938E124C49C4300521D57 /* Resources */,
				15C64D3028D1B2760085B79C /* Embed Foundation Extensions */,
			);
			buildRules = (
			);
			dependencies = (
				15C64D2E28D1B2760085B79C /* PBXTargetDependency */,
			);
			name = Spendin;
			packageProductDependencies = (
				1506CFD028716FD900FDE913 /* SwiftJWT */,
				15FE8B7E288BCAE5006FF2D9 /* SwiftSoup */,
			);
			productName = Spendy;
			productReference = 156938E324C49C4300521D57 /* Spendin.app */;
			productType = "com.apple.product-type.application";
		};
		156938FB24C49C4400521D57 /* SpendinTests */ = {
			isa = PBXNativeTarget;
			buildConfigurationList = 1569391324C49C4400521D57 /* Build configuration list for PBXNativeTarget "SpendinTests" */;
			buildPhases = (
				156938F824C49C4400521D57 /* Sources */,
				156938F924C49C4400521D57 /* Frameworks */,
				156938FA24C49C4400521D57 /* Resources */,
			);
			buildRules = (
			);
			dependencies = (
				156938FE24C49C4400521D57 /* PBXTargetDependency */,
			);
			name = SpendinTests;
			productName = SpendyTests;
			productReference = 156938FC24C49C4400521D57 /* SpendinTests.xctest */;
			productType = "com.apple.product-type.bundle.unit-test";
		};
		1569390624C49C4400521D57 /* SpendinUITests */ = {
			isa = PBXNativeTarget;
			buildConfigurationList = 1569391624C49C4400521D57 /* Build configuration list for PBXNativeTarget "SpendinUITests" */;
			buildPhases = (
				1569390324C49C4400521D57 /* Sources */,
				1569390424C49C4400521D57 /* Frameworks */,
				1569390524C49C4400521D57 /* Resources */,
			);
			buildRules = (
			);
			dependencies = (
				1569390924C49C4400521D57 /* PBXTargetDependency */,
			);
			name = SpendinUITests;
			productName = SpendyUITests;
			productReference = 1569390724C49C4400521D57 /* SpendinUITests.xctest */;
			productType = "com.apple.product-type.bundle.ui-testing";
		};
		15C64D1E28D1B2750085B79C /* Spendin WidgetExtension */ = {
			isa = PBXNativeTarget;
			buildConfigurationList = 15C64D3328D1B2760085B79C /* Build configuration list for PBXNativeTarget "Spendin WidgetExtension" */;
			buildPhases = (
				15C64D1B28D1B2750085B79C /* Sources */,
				15C64D1C28D1B2750085B79C /* Frameworks */,
				15C64D1D28D1B2750085B79C /* Resources */,
			);
			buildRules = (
			);
			dependencies = (
			);
			name = "Spendin WidgetExtension";
			productName = "Spendin WidgetExtension";
			productReference = 15C64D1F28D1B2750085B79C /* Spendin WidgetExtension.appex */;
			productType = "com.apple.product-type.app-extension";
		};
/* End PBXNativeTarget section */

/* Begin PBXProject section */
		156938DB24C49C4300521D57 /* Project object */ = {
			isa = PBXProject;
			attributes = {
				LastSwiftUpdateCheck = 1400;
				LastUpgradeCheck = 1200;
				TargetAttributes = {
					156938E224C49C4300521D57 = {
						CreatedOnToolsVersion = 12.0;
					};
					156938FB24C49C4400521D57 = {
						CreatedOnToolsVersion = 12.0;
						TestTargetID = 156938E224C49C4300521D57;
					};
					1569390624C49C4400521D57 = {
						CreatedOnToolsVersion = 12.0;
						TestTargetID = 156938E224C49C4300521D57;
					};
					15C64D1E28D1B2750085B79C = {
						CreatedOnToolsVersion = 14.0;
					};
				};
			};
			buildConfigurationList = 156938DE24C49C4300521D57 /* Build configuration list for PBXProject "Spendin" */;
			compatibilityVersion = "Xcode 9.3";
			developmentRegion = en;
			hasScannedForEncodings = 0;
			knownRegions = (
				en,
				Base,
			);
			mainGroup = 156938DA24C49C4300521D57;
			packageReferences = (
				1506CFCF28716FD900FDE913 /* XCRemoteSwiftPackageReference "Swift-JWT" */,
				15FE8B7D288BCAE5006FF2D9 /* XCRemoteSwiftPackageReference "SwiftSoup" */,
			);
			productRefGroup = 156938E424C49C4300521D57 /* Products */;
			projectDirPath = "";
			projectRoot = "";
			targets = (
				156938E224C49C4300521D57 /* Spendin */,
				156938FB24C49C4400521D57 /* SpendinTests */,
				1569390624C49C4400521D57 /* SpendinUITests */,
				15C64D1E28D1B2750085B79C /* Spendin WidgetExtension */,
			);
		};
/* End PBXProject section */

/* Begin PBXResourcesBuildPhase section */
		156938E124C49C4300521D57 /* Resources */ = {
			isa = PBXResourcesBuildPhase;
			buildActionMask = 2147483647;
			files = (
				1506CFDB28717F8900FDE913 /* spendin-ecdsa-p521-public.pem in Resources */,
				156938F624C49C4300521D57 /* LaunchScreen.storyboard in Resources */,
				156938F324C49C4300521D57 /* Preview Assets.xcassets in Resources */,
				156938F024C49C4300521D57 /* Assets.xcassets in Resources */,
				1506CFDC28717F8900FDE913 /* spendin-ecdsa-p521-private.pem in Resources */,
			);
			runOnlyForDeploymentPostprocessing = 0;
		};
		156938FA24C49C4400521D57 /* Resources */ = {
			isa = PBXResourcesBuildPhase;
			buildActionMask = 2147483647;
			files = (
			);
			runOnlyForDeploymentPostprocessing = 0;
		};
		1569390524C49C4400521D57 /* Resources */ = {
			isa = PBXResourcesBuildPhase;
			buildActionMask = 2147483647;
			files = (
			);
			runOnlyForDeploymentPostprocessing = 0;
		};
		15C64D1D28D1B2750085B79C /* Resources */ = {
			isa = PBXResourcesBuildPhase;
			buildActionMask = 2147483647;
			files = (
				15C64D2928D1B2760085B79C /* Assets.xcassets in Resources */,
			);
			runOnlyForDeploymentPostprocessing = 0;
		};
/* End PBXResourcesBuildPhase section */

/* Begin PBXSourcesBuildPhase section */
		156938DF24C49C4300521D57 /* Sources */ = {
			isa = PBXSourcesBuildPhase;
			buildActionMask = 2147483647;
			files = (
				151F966324C49D93002C27F4 /* SettingsView.swift in Sources */,
				1506CFCB28716E3E00FDE913 /* Keychain Item.swift in Sources */,
				1553D6EF2736D60200191DCC /* CustomizedCalendarView.swift in Sources */,
				151F966224C49D93002C27F4 /* DetailedListView.swift in Sources */,
				155963B82879C8CE00F5730B /* ImagePickerView.swift in Sources */,
				155E65A725304E5500082584 /* XMarkView.swift in Sources */,
				15C64D2C28D1B2760085B79C /* Spendin_Widget.intentdefinition in Sources */,
				15273BD1287B2F1800E7186E /* AdaptiveSheet.swift in Sources */,
				150439A128892EDF000B5C35 /* ShareSheet.swift in Sources */,
				15A9CFA528805D7300B62210 /* EditSharingView.swift in Sources */,
				151F966924C49DA8002C27F4 /* Constants.swift in Sources */,
				155E659D25304E2D00082584 /* ItemTypePicker.swift in Sources */,
				15341DFA286F484300C0F737 /* ItemService.swift in Sources */,
				1553D6ED2736D57C00191DCC /* TabBar.swift in Sources */,
				1555D9042530426B0091D21C /* DetailedListItemCell.swift in Sources */,
				151F966724C49D93002C27F4 /* AddSpenderView.swift in Sources */,
				159DB40A274434EF004921AD /* CreateNewListView.swift in Sources */,
				1506CFD52871711D00FDE913 /* AuthenticationView.swift in Sources */,
				1595CDB027B0835D00C1C30A /* CardView.swift in Sources */,
				155E658E25304DDA00082584 /* ItemDatePicker.swift in Sources */,
				15D66BC5287DA785008FEBC6 /* QRGeneratorView.swift in Sources */,
				1555D8E725303CFD0091D21C /* ItemsView.swift in Sources */,
				155963B62879C8AF00F5730B /* QRCodeReader.swift in Sources */,
				155013D6273448A500FF14AD /* Item.swift in Sources */,
				154DEA5D27417C5C00F7CF7E /* PageView.swift in Sources */,
				151F966424C49D93002C27F4 /* SpendingVM.swift in Sources */,
				1555D8E225303CD40091D21C /* Extensions.swift in Sources */,
				155E65B125307E2A00082584 /* SpendinApp.swift in Sources */,
				155E658925304DBE00082584 /* SaveButton.swift in Sources */,
				155E659825304E0500082584 /* AmountTextField.swift in Sources */,
				1595CDB227B0838400C1C30A /* NewListPlaceholder.swift in Sources */,
				15A9CFA728805FF100B62210 /* UserPrivilegesEditorView.swift in Sources */,
				1506CFC928716DE500FDE913 /* JWTService.swift in Sources */,
				1545DDF4273536BC00194A0B /* CalendarView.swift in Sources */,
				155E65842530466600082584 /* TotalBottomView.swift in Sources */,
				15D66BC7287DACBC008FEBC6 /* ShareListView.swift in Sources */,
				15341DF8286F3AB600C0F737 /* URLS.swift in Sources */,
				157E1AD4287859D5007C049C /* User.swift in Sources */,
				156938EE24C49C4300521D57 /* ContentView.swift in Sources */,
				155E659325304DF200082584 /* CategoryPicker.swift in Sources */,
				15341DF6286F39FC00C0F737 /* ListService.swift in Sources */,
				1506CFD32871709F00FDE913 /* AuthService.swift in Sources */,
				1506CFD72871738F00FDE913 /* CloseableView.swift in Sources */,
				1545DDF3273536BC00194A0B /* SpendingsForDateView.swift in Sources */,
				1553D6F82736E85300191DCC /* Suggestion.swift in Sources */,
				1553D6EB2736D54800191DCC /* Sidebar.swift in Sources */,
				157E7EC6287061300088282F /* SuggestionService.swift in Sources */,
				155E65A225304E4200082584 /* NameTextField.swift in Sources */,
				154D4005273D82A200743B96 /* List.swift in Sources */,
			);
			runOnlyForDeploymentPostprocessing = 0;
		};
		156938F824C49C4400521D57 /* Sources */ = {
			isa = PBXSourcesBuildPhase;
			buildActionMask = 2147483647;
			files = (
				1569390124C49C4400521D57 /* SpendyTests.swift in Sources */,
			);
			runOnlyForDeploymentPostprocessing = 0;
		};
		1569390324C49C4400521D57 /* Sources */ = {
			isa = PBXSourcesBuildPhase;
			buildActionMask = 2147483647;
			files = (
				1569390C24C49C4400521D57 /* SpendyUITests.swift in Sources */,
			);
			runOnlyForDeploymentPostprocessing = 0;
		};
		15C64D1B28D1B2750085B79C /* Sources */ = {
			isa = PBXSourcesBuildPhase;
			buildActionMask = 2147483647;
			files = (
				15C64D3528D1B40F0085B79C /* AccessoryRectangularWidgetView.swift in Sources */,
				15C64D2B28D1B2760085B79C /* Spendin_Widget.intentdefinition in Sources */,
				15C64D3728D1B6490085B79C /* ListLoader.swift in Sources */,
				15C64D2628D1B2750085B79C /* Spendin_Widget.swift in Sources */,
			);
			runOnlyForDeploymentPostprocessing = 0;
		};
/* End PBXSourcesBuildPhase section */

/* Begin PBXTargetDependency section */
		156938FE24C49C4400521D57 /* PBXTargetDependency */ = {
			isa = PBXTargetDependency;
			target = 156938E224C49C4300521D57 /* Spendin */;
			targetProxy = 156938FD24C49C4400521D57 /* PBXContainerItemProxy */;
		};
		1569390924C49C4400521D57 /* PBXTargetDependency */ = {
			isa = PBXTargetDependency;
			target = 156938E224C49C4300521D57 /* Spendin */;
			targetProxy = 1569390824C49C4400521D57 /* PBXContainerItemProxy */;
		};
		15C64D2E28D1B2760085B79C /* PBXTargetDependency */ = {
			isa = PBXTargetDependency;
			target = 15C64D1E28D1B2750085B79C /* Spendin WidgetExtension */;
			targetProxy = 15C64D2D28D1B2760085B79C /* PBXContainerItemProxy */;
		};
/* End PBXTargetDependency section */

/* Begin PBXVariantGroup section */
		156938F424C49C4300521D57 /* LaunchScreen.storyboard */ = {
			isa = PBXVariantGroup;
			children = (
				156938F524C49C4300521D57 /* Base */,
			);
			name = LaunchScreen.storyboard;
			sourceTree = "<group>";
		};
/* End PBXVariantGroup section */

/* Begin XCBuildConfiguration section */
		1569390E24C49C4400521D57 /* Debug */ = {
			isa = XCBuildConfiguration;
			buildSettings = {
				ALWAYS_SEARCH_USER_PATHS = NO;
				CLANG_ANALYZER_NONNULL = YES;
				CLANG_ANALYZER_NUMBER_OBJECT_CONVERSION = YES_AGGRESSIVE;
				CLANG_CXX_LANGUAGE_STANDARD = "gnu++14";
				CLANG_CXX_LIBRARY = "libc++";
				CLANG_ENABLE_MODULES = YES;
				CLANG_ENABLE_OBJC_ARC = YES;
				CLANG_ENABLE_OBJC_WEAK = YES;
				CLANG_WARN_BLOCK_CAPTURE_AUTORELEASING = YES;
				CLANG_WARN_BOOL_CONVERSION = YES;
				CLANG_WARN_COMMA = YES;
				CLANG_WARN_CONSTANT_CONVERSION = YES;
				CLANG_WARN_DEPRECATED_OBJC_IMPLEMENTATIONS = YES;
				CLANG_WARN_DIRECT_OBJC_ISA_USAGE = YES_ERROR;
				CLANG_WARN_DOCUMENTATION_COMMENTS = YES;
				CLANG_WARN_EMPTY_BODY = YES;
				CLANG_WARN_ENUM_CONVERSION = YES;
				CLANG_WARN_INFINITE_RECURSION = YES;
				CLANG_WARN_INT_CONVERSION = YES;
				CLANG_WARN_NON_LITERAL_NULL_CONVERSION = YES;
				CLANG_WARN_OBJC_IMPLICIT_RETAIN_SELF = YES;
				CLANG_WARN_OBJC_LITERAL_CONVERSION = YES;
				CLANG_WARN_OBJC_ROOT_CLASS = YES_ERROR;
				CLANG_WARN_QUOTED_INCLUDE_IN_FRAMEWORK_HEADER = YES;
				CLANG_WARN_RANGE_LOOP_ANALYSIS = YES;
				CLANG_WARN_STRICT_PROTOTYPES = YES;
				CLANG_WARN_SUSPICIOUS_MOVE = YES;
				CLANG_WARN_UNGUARDED_AVAILABILITY = YES_AGGRESSIVE;
				CLANG_WARN_UNREACHABLE_CODE = YES;
				CLANG_WARN__DUPLICATE_METHOD_MATCH = YES;
				COPY_PHASE_STRIP = NO;
				DEBUG_INFORMATION_FORMAT = dwarf;
				ENABLE_STRICT_OBJC_MSGSEND = YES;
				ENABLE_TESTABILITY = YES;
				GCC_C_LANGUAGE_STANDARD = gnu11;
				GCC_DYNAMIC_NO_PIC = NO;
				GCC_NO_COMMON_BLOCKS = YES;
				GCC_OPTIMIZATION_LEVEL = 0;
				GCC_PREPROCESSOR_DEFINITIONS = (
					"DEBUG=1",
					"$(inherited)",
				);
				GCC_WARN_64_TO_32_BIT_CONVERSION = YES;
				GCC_WARN_ABOUT_RETURN_TYPE = YES_ERROR;
				GCC_WARN_UNDECLARED_SELECTOR = YES;
				GCC_WARN_UNINITIALIZED_AUTOS = YES_AGGRESSIVE;
				GCC_WARN_UNUSED_FUNCTION = YES;
				GCC_WARN_UNUSED_VARIABLE = YES;
				IPHONEOS_DEPLOYMENT_TARGET = 15.0;
				MTL_ENABLE_DEBUG_INFO = INCLUDE_SOURCE;
				MTL_FAST_MATH = YES;
				ONLY_ACTIVE_ARCH = YES;
				SDKROOT = iphoneos;
				SWIFT_ACTIVE_COMPILATION_CONDITIONS = DEBUG;
				SWIFT_OPTIMIZATION_LEVEL = "-Onone";
			};
			name = Debug;
		};
		1569390F24C49C4400521D57 /* Release */ = {
			isa = XCBuildConfiguration;
			buildSettings = {
				ALWAYS_SEARCH_USER_PATHS = NO;
				CLANG_ANALYZER_NONNULL = YES;
				CLANG_ANALYZER_NUMBER_OBJECT_CONVERSION = YES_AGGRESSIVE;
				CLANG_CXX_LANGUAGE_STANDARD = "gnu++14";
				CLANG_CXX_LIBRARY = "libc++";
				CLANG_ENABLE_MODULES = YES;
				CLANG_ENABLE_OBJC_ARC = YES;
				CLANG_ENABLE_OBJC_WEAK = YES;
				CLANG_WARN_BLOCK_CAPTURE_AUTORELEASING = YES;
				CLANG_WARN_BOOL_CONVERSION = YES;
				CLANG_WARN_COMMA = YES;
				CLANG_WARN_CONSTANT_CONVERSION = YES;
				CLANG_WARN_DEPRECATED_OBJC_IMPLEMENTATIONS = YES;
				CLANG_WARN_DIRECT_OBJC_ISA_USAGE = YES_ERROR;
				CLANG_WARN_DOCUMENTATION_COMMENTS = YES;
				CLANG_WARN_EMPTY_BODY = YES;
				CLANG_WARN_ENUM_CONVERSION = YES;
				CLANG_WARN_INFINITE_RECURSION = YES;
				CLANG_WARN_INT_CONVERSION = YES;
				CLANG_WARN_NON_LITERAL_NULL_CONVERSION = YES;
				CLANG_WARN_OBJC_IMPLICIT_RETAIN_SELF = YES;
				CLANG_WARN_OBJC_LITERAL_CONVERSION = YES;
				CLANG_WARN_OBJC_ROOT_CLASS = YES_ERROR;
				CLANG_WARN_QUOTED_INCLUDE_IN_FRAMEWORK_HEADER = YES;
				CLANG_WARN_RANGE_LOOP_ANALYSIS = YES;
				CLANG_WARN_STRICT_PROTOTYPES = YES;
				CLANG_WARN_SUSPICIOUS_MOVE = YES;
				CLANG_WARN_UNGUARDED_AVAILABILITY = YES_AGGRESSIVE;
				CLANG_WARN_UNREACHABLE_CODE = YES;
				CLANG_WARN__DUPLICATE_METHOD_MATCH = YES;
				COPY_PHASE_STRIP = NO;
				DEBUG_INFORMATION_FORMAT = "dwarf-with-dsym";
				ENABLE_NS_ASSERTIONS = NO;
				ENABLE_STRICT_OBJC_MSGSEND = YES;
				GCC_C_LANGUAGE_STANDARD = gnu11;
				GCC_NO_COMMON_BLOCKS = YES;
				GCC_WARN_64_TO_32_BIT_CONVERSION = YES;
				GCC_WARN_ABOUT_RETURN_TYPE = YES_ERROR;
				GCC_WARN_UNDECLARED_SELECTOR = YES;
				GCC_WARN_UNINITIALIZED_AUTOS = YES_AGGRESSIVE;
				GCC_WARN_UNUSED_FUNCTION = YES;
				GCC_WARN_UNUSED_VARIABLE = YES;
				IPHONEOS_DEPLOYMENT_TARGET = 15.0;
				MTL_ENABLE_DEBUG_INFO = NO;
				MTL_FAST_MATH = YES;
				SDKROOT = iphoneos;
				SWIFT_COMPILATION_MODE = wholemodule;
				SWIFT_OPTIMIZATION_LEVEL = "-O";
				VALIDATE_PRODUCT = YES;
			};
			name = Release;
		};
		1569391124C49C4400521D57 /* Debug */ = {
			isa = XCBuildConfiguration;
			buildSettings = {
				ALWAYS_EMBED_SWIFT_STANDARD_LIBRARIES = YES;
				ASSETCATALOG_COMPILER_APPICON_NAME = AppIcon;
				ASSETCATALOG_COMPILER_GLOBAL_ACCENT_COLOR_NAME = AccentColor;
				CODE_SIGN_ENTITLEMENTS = Spendin/Spendin.entitlements;
				CODE_SIGN_STYLE = Automatic;
				CURRENT_PROJECT_VERSION = 32;
				DEVELOPMENT_ASSET_PATHS = "\"Spendin/Preview Content\"";
				DEVELOPMENT_TEAM = 4WPNK427TB;
				ENABLE_PREVIEWS = YES;
				INFOPLIST_FILE = "Spendin/Supporting Files/Info.plist";
				IPHONEOS_DEPLOYMENT_TARGET = 15.0;
				LD_RUNPATH_SEARCH_PATHS = (
					"$(inherited)",
					"@executable_path/Frameworks",
				);
				PRODUCT_BUNDLE_IDENTIFIER = com.yakis.Spendin;
				PRODUCT_NAME = "$(TARGET_NAME)";
				SWIFT_VERSION = 5.0;
				TARGETED_DEVICE_FAMILY = 1;
			};
			name = Debug;
		};
		1569391224C49C4400521D57 /* Release */ = {
			isa = XCBuildConfiguration;
			buildSettings = {
				ALWAYS_EMBED_SWIFT_STANDARD_LIBRARIES = YES;
				ASSETCATALOG_COMPILER_APPICON_NAME = AppIcon;
				ASSETCATALOG_COMPILER_GLOBAL_ACCENT_COLOR_NAME = AccentColor;
				CODE_SIGN_ENTITLEMENTS = Spendin/Spendin.entitlements;
				CODE_SIGN_STYLE = Automatic;
				CURRENT_PROJECT_VERSION = 32;
				DEVELOPMENT_ASSET_PATHS = "\"Spendin/Preview Content\"";
				DEVELOPMENT_TEAM = 4WPNK427TB;
				ENABLE_PREVIEWS = YES;
				INFOPLIST_FILE = "Spendin/Supporting Files/Info.plist";
				IPHONEOS_DEPLOYMENT_TARGET = 15.0;
				LD_RUNPATH_SEARCH_PATHS = (
					"$(inherited)",
					"@executable_path/Frameworks",
				);
				PRODUCT_BUNDLE_IDENTIFIER = com.yakis.Spendin;
				PRODUCT_NAME = "$(TARGET_NAME)";
				SWIFT_VERSION = 5.0;
				TARGETED_DEVICE_FAMILY = 1;
			};
			name = Release;
		};
		1569391424C49C4400521D57 /* Debug */ = {
			isa = XCBuildConfiguration;
			buildSettings = {
				ALWAYS_EMBED_SWIFT_STANDARD_LIBRARIES = YES;
				BUNDLE_LOADER = "$(TEST_HOST)";
				CODE_SIGN_STYLE = Automatic;
				DEVELOPMENT_TEAM = 4WPNK427TB;
				INFOPLIST_FILE = SpendinTests/Info.plist;
				IPHONEOS_DEPLOYMENT_TARGET = 14.0;
				LD_RUNPATH_SEARCH_PATHS = (
					"$(inherited)",
					"@executable_path/Frameworks",
					"@loader_path/Frameworks",
				);
				PRODUCT_BUNDLE_IDENTIFIER = com.yakis.SpendinTests;
				PRODUCT_NAME = "$(TARGET_NAME)";
				SWIFT_VERSION = 5.0;
				TARGETED_DEVICE_FAMILY = "1,2";
				TEST_HOST = "$(BUILT_PRODUCTS_DIR)/Spendin.app/Spendin";
			};
			name = Debug;
		};
		1569391524C49C4400521D57 /* Release */ = {
			isa = XCBuildConfiguration;
			buildSettings = {
				ALWAYS_EMBED_SWIFT_STANDARD_LIBRARIES = YES;
				BUNDLE_LOADER = "$(TEST_HOST)";
				CODE_SIGN_STYLE = Automatic;
				DEVELOPMENT_TEAM = 4WPNK427TB;
				INFOPLIST_FILE = SpendinTests/Info.plist;
				IPHONEOS_DEPLOYMENT_TARGET = 14.0;
				LD_RUNPATH_SEARCH_PATHS = (
					"$(inherited)",
					"@executable_path/Frameworks",
					"@loader_path/Frameworks",
				);
				PRODUCT_BUNDLE_IDENTIFIER = com.yakis.SpendinTests;
				PRODUCT_NAME = "$(TARGET_NAME)";
				SWIFT_VERSION = 5.0;
				TARGETED_DEVICE_FAMILY = "1,2";
				TEST_HOST = "$(BUILT_PRODUCTS_DIR)/Spendin.app/Spendin";
			};
			name = Release;
		};
		1569391724C49C4400521D57 /* Debug */ = {
			isa = XCBuildConfiguration;
			buildSettings = {
				ALWAYS_EMBED_SWIFT_STANDARD_LIBRARIES = YES;
				CODE_SIGN_STYLE = Automatic;
				DEVELOPMENT_TEAM = 4WPNK427TB;
				INFOPLIST_FILE = SpendinUITests/Info.plist;
				LD_RUNPATH_SEARCH_PATHS = (
					"$(inherited)",
					"@executable_path/Frameworks",
					"@loader_path/Frameworks",
				);
				PRODUCT_BUNDLE_IDENTIFIER = com.yakis.SpendinUITests;
				PRODUCT_NAME = "$(TARGET_NAME)";
				SWIFT_VERSION = 5.0;
				TARGETED_DEVICE_FAMILY = "1,2";
				TEST_TARGET_NAME = Spendin;
			};
			name = Debug;
		};
		1569391824C49C4400521D57 /* Release */ = {
			isa = XCBuildConfiguration;
			buildSettings = {
				ALWAYS_EMBED_SWIFT_STANDARD_LIBRARIES = YES;
				CODE_SIGN_STYLE = Automatic;
				DEVELOPMENT_TEAM = 4WPNK427TB;
				INFOPLIST_FILE = SpendinUITests/Info.plist;
				LD_RUNPATH_SEARCH_PATHS = (
					"$(inherited)",
					"@executable_path/Frameworks",
					"@loader_path/Frameworks",
				);
				PRODUCT_BUNDLE_IDENTIFIER = com.yakis.SpendinUITests;
				PRODUCT_NAME = "$(TARGET_NAME)";
				SWIFT_VERSION = 5.0;
				TARGETED_DEVICE_FAMILY = "1,2";
				TEST_TARGET_NAME = Spendin;
			};
			name = Release;
		};
		15C64D3128D1B2760085B79C /* Debug */ = {
			isa = XCBuildConfiguration;
			buildSettings = {
				ASSETCATALOG_COMPILER_GLOBAL_ACCENT_COLOR_NAME = AccentColor;
				ASSETCATALOG_COMPILER_WIDGET_BACKGROUND_COLOR_NAME = WidgetBackground;
				CLANG_CXX_LANGUAGE_STANDARD = "gnu++20";
				CODE_SIGN_STYLE = Automatic;
				CURRENT_PROJECT_VERSION = 32;
				DEVELOPMENT_TEAM = 4WPNK427TB;
				GENERATE_INFOPLIST_FILE = YES;
				INFOPLIST_FILE = "Spendin Widget/Info.plist";
				INFOPLIST_KEY_CFBundleDisplayName = "Spendin Widget";
				INFOPLIST_KEY_NSHumanReadableCopyright = "";
				IPHONEOS_DEPLOYMENT_TARGET = 16.1;
				LD_RUNPATH_SEARCH_PATHS = (
					"$(inherited)",
					"@executable_path/Frameworks",
					"@executable_path/../../Frameworks",
				);
				MARKETING_VERSION = 1.0;
				PRODUCT_BUNDLE_IDENTIFIER = "com.yakis.Spendin.Spendin-Widget";
				PRODUCT_NAME = "$(TARGET_NAME)";
				SKIP_INSTALL = YES;
				SWIFT_EMIT_LOC_STRINGS = YES;
				SWIFT_VERSION = 5.0;
				TARGETED_DEVICE_FAMILY = "1,2";
			};
			name = Debug;
		};
		15C64D3228D1B2760085B79C /* Release */ = {
			isa = XCBuildConfiguration;
			buildSettings = {
				ASSETCATALOG_COMPILER_GLOBAL_ACCENT_COLOR_NAME = AccentColor;
				ASSETCATALOG_COMPILER_WIDGET_BACKGROUND_COLOR_NAME = WidgetBackground;
				CLANG_CXX_LANGUAGE_STANDARD = "gnu++20";
				CODE_SIGN_STYLE = Automatic;
				CURRENT_PROJECT_VERSION = 32;
				DEVELOPMENT_TEAM = 4WPNK427TB;
				GENERATE_INFOPLIST_FILE = YES;
				INFOPLIST_FILE = "Spendin Widget/Info.plist";
				INFOPLIST_KEY_CFBundleDisplayName = "Spendin Widget";
				INFOPLIST_KEY_NSHumanReadableCopyright = "";
				IPHONEOS_DEPLOYMENT_TARGET = 16.1;
				LD_RUNPATH_SEARCH_PATHS = (
					"$(inherited)",
					"@executable_path/Frameworks",
					"@executable_path/../../Frameworks",
				);
				MARKETING_VERSION = 1.0;
				PRODUCT_BUNDLE_IDENTIFIER = "com.yakis.Spendin.Spendin-Widget";
				PRODUCT_NAME = "$(TARGET_NAME)";
				SKIP_INSTALL = YES;
				SWIFT_EMIT_LOC_STRINGS = YES;
				SWIFT_VERSION = 5.0;
				TARGETED_DEVICE_FAMILY = "1,2";
			};
			name = Release;
		};
/* End XCBuildConfiguration section */

/* Begin XCConfigurationList section */
		156938DE24C49C4300521D57 /* Build configuration list for PBXProject "Spendin" */ = {
			isa = XCConfigurationList;
			buildConfigurations = (
				1569390E24C49C4400521D57 /* Debug */,
				1569390F24C49C4400521D57 /* Release */,
			);
			defaultConfigurationIsVisible = 0;
			defaultConfigurationName = Release;
		};
		1569391024C49C4400521D57 /* Build configuration list for PBXNativeTarget "Spendin" */ = {
			isa = XCConfigurationList;
			buildConfigurations = (
				1569391124C49C4400521D57 /* Debug */,
				1569391224C49C4400521D57 /* Release */,
			);
			defaultConfigurationIsVisible = 0;
			defaultConfigurationName = Release;
		};
		1569391324C49C4400521D57 /* Build configuration list for PBXNativeTarget "SpendinTests" */ = {
			isa = XCConfigurationList;
			buildConfigurations = (
				1569391424C49C4400521D57 /* Debug */,
				1569391524C49C4400521D57 /* Release */,
			);
			defaultConfigurationIsVisible = 0;
			defaultConfigurationName = Release;
		};
		1569391624C49C4400521D57 /* Build configuration list for PBXNativeTarget "SpendinUITests" */ = {
			isa = XCConfigurationList;
			buildConfigurations = (
				1569391724C49C4400521D57 /* Debug */,
				1569391824C49C4400521D57 /* Release */,
			);
			defaultConfigurationIsVisible = 0;
			defaultConfigurationName = Release;
		};
		15C64D3328D1B2760085B79C /* Build configuration list for PBXNativeTarget "Spendin WidgetExtension" */ = {
			isa = XCConfigurationList;
			buildConfigurations = (
				15C64D3128D1B2760085B79C /* Debug */,
				15C64D3228D1B2760085B79C /* Release */,
			);
			defaultConfigurationIsVisible = 0;
			defaultConfigurationName = Release;
		};
/* End XCConfigurationList section */

/* Begin XCRemoteSwiftPackageReference section */
		1506CFCF28716FD900FDE913 /* XCRemoteSwiftPackageReference "Swift-JWT" */ = {
			isa = XCRemoteSwiftPackageReference;
			repositoryURL = "https://github.com/Kitura/Swift-JWT.git";
			requirement = {
				kind = upToNextMajorVersion;
				minimumVersion = 3.6.0;
			};
		};
		15FE8B7D288BCAE5006FF2D9 /* XCRemoteSwiftPackageReference "SwiftSoup" */ = {
			isa = XCRemoteSwiftPackageReference;
			repositoryURL = "https://github.com/scinfu/SwiftSoup";
			requirement = {
				kind = upToNextMajorVersion;
				minimumVersion = 2.0.0;
			};
		};
/* End XCRemoteSwiftPackageReference section */

/* Begin XCSwiftPackageProductDependency section */
		1506CFD028716FD900FDE913 /* SwiftJWT */ = {
			isa = XCSwiftPackageProductDependency;
			package = 1506CFCF28716FD900FDE913 /* XCRemoteSwiftPackageReference "Swift-JWT" */;
			productName = SwiftJWT;
		};
		15FE8B7E288BCAE5006FF2D9 /* SwiftSoup */ = {
			isa = XCSwiftPackageProductDependency;
			package = 15FE8B7D288BCAE5006FF2D9 /* XCRemoteSwiftPackageReference "SwiftSoup" */;
			productName = SwiftSoup;
		};
/* End XCSwiftPackageProductDependency section */
	};
	rootObject = 156938DB24C49C4300521D57 /* Project object */;
}
